[ 
   { 
      "SCRIPT":"/node/harlemjazzclub/app.js",
      "LOG":"/node/harlemjazzclub/log.log",
      "CSV":"/node/harlemjazzclub/harlem.csv"
     
   },
    { 
      "SCRIPT":"/node/parisjazzclub/app.js",
      "LOG":"/node/parisjazzclub/log.log",
      "CSV":"/node/parisjazzclub/parisjazzclub.csv"
     
   },
   
]